
Microsoft Visual Studio Solution File, Format Version 12.00
# Visual Studio Version 17
VisualStudioVersion = 17.6.33712.159
MinimumVisualStudioVersion = 10.0.40219.1
Project("{FAE04EC0-301F-11D3-BF4B-00C04F79EFBC}") = "Project1", "Project1\Project1.csproj", "{4AEFEBF4-4954-401D-8687-0B64730396DE}"
EndProject
Global
	GlobalSection(SolutionConfigurationPlatforms) = preSolution
		Debug|Any CPU = Debug|Any CPU
		Release|Any CPU = Release|Any CPU
	EndGlobalSection
	GlobalSection(ProjectConfigurationPlatforms) = postSolution
		{4AEFEBF4-4954-401D-8687-0B64730396DE}.Debug|Any CPU.ActiveCfg = Debug|Any CPU
		{4AEFEBF4-4954-401D-8687-0B64730396DE}.Debug|Any CPU.Build.0 = Debug|Any CPU
		{4AEFEBF4-4954-401D-8687-0B64730396DE}.Release|Any CPU.ActiveCfg = Release|Any CPU
		{4AEFEBF4-4954-401D-8687-0B64730396DE}.Release|Any CPU.Build.0 = Release|Any CPU
	EndGlobalSection
	GlobalSection(SolutionProperties) = preSolution
		HideSolutionNode = FALSE
	EndGlobalSection
	GlobalSection(ExtensibilityGlobals) = postSolution
		SolutionGuid = {35DE9E02-302C-4255-839D-A77030B0D6E8}
	EndGlobalSection
EndGlobal
